<?xml version="1.0" encoding="utf-8"?>
<Project ToolsVersion="4.0" xmlns="http://schemas.microsoft.com/developer/msbuild/2003">
  <ItemGroup>
    <Filter Include="Source Files">
      <UniqueIdentifier>{4FC737F1-C7A5-4376-A066-2A32D752A2FF}</UniqueIdentifier>
      <Extensions>cpp;c;cc;cxx;c++;cppm;ixx;def;odl;idl;hpj;bat;asm;asmx</Extensions>
    </Filter>
    <Filter Include="Header Files">
      <UniqueIdentifier>{93995380-89BD-4b04-88EB-625FBE52EBFB}</UniqueIdentifier>
      <Extensions>h;hh;hpp;hxx;h++;hm;inl;inc;ipp;xsd</Extensions>
    </Filter>
    <Filter Include="Resource Files">
      <UniqueIdentifier>{67DA6AB6-F800-4c08-8B7A-83BB121AAD01}</UniqueIdentifier>
      <Extensions>rc;ico;cur;bmp;dlg;rc2;rct;bin;rgs;gif;jpg;jpeg;jpe;resx;tiff;tif;png;wav;mfcribbon-ms</Extensions>
    </Filter>
    <Filter Include="Header Files\System">
      <UniqueIdentifier>{c8ae7051-f187-4133-a70d-a0848391c800}</UniqueIdentifier>
    </Filter>
    <Filter Include="Header Files\Object">
      <UniqueIdentifier>{f83a1e48-3e43-44b5-9f76-65951e8ce5c2}</UniqueIdentifier>
    </Filter>
    <Filter Include="Header Files\Object\IntroObject">
      <UniqueIdentifier>{3d6125b2-45ff-440a-9c61-fc126d4f79c0}</UniqueIdentifier>
    </Filter>
    <Filter Include="Header Files\Object\Enemy">
      <UniqueIdentifier>{9c5a90b1-5ba7-429d-9ac8-9481aa7e38c1}</UniqueIdentifier>
    </Filter>
    <Filter Include="Header Files\Object\Player">
      <UniqueIdentifier>{787b7295-f2b9-45a5-86f3-50528d327cf0}</UniqueIdentifier>
    </Filter>
    <Filter Include="Header Files\Object\Item">
      <UniqueIdentifier>{542a9742-d50e-4ec1-a84b-e34752bc6687}</UniqueIdentifier>
    </Filter>
    <Filter Include="Header Files\Object\WorldBlock">
      <UniqueIdentifier>{6fefc5db-ee84-4348-987e-9c68b9734ad1}</UniqueIdentifier>
    </Filter>
    <Filter Include="Source Files\Object">
      <UniqueIdentifier>{dd6e4ca7-c054-459a-8619-ba6774114318}</UniqueIdentifier>
    </Filter>
    <Filter Include="Source Files\Object\IntroObject">
      <UniqueIdentifier>{7bffa497-8f58-4b1d-ac90-c6b5f5dd6721}</UniqueIdentifier>
    </Filter>
    <Filter Include="Source Files\Object\Enemy">
      <UniqueIdentifier>{3e43bd07-3bd8-4472-a172-2f0288c9b15b}</UniqueIdentifier>
    </Filter>
    <Filter Include="Source Files\Object\Item">
      <UniqueIdentifier>{7d2883bb-89ef-416d-9c82-07d63a7a072e}</UniqueIdentifier>
    </Filter>
    <Filter Include="Source Files\Object\Player">
      <UniqueIdentifier>{e6e8a345-fab1-4413-8f69-ea6a64ec35cd}</UniqueIdentifier>
    </Filter>
    <Filter Include="Source Files\Object\WorldBlock">
      <UniqueIdentifier>{a27a4c2c-a290-4cb7-b65d-ffdc95a2261d}</UniqueIdentifier>
    </Filter>
    <Filter Include="Source Files\System">
      <UniqueIdentifier>{ffb46121-b902-489d-acc5-9020731c1981}</UniqueIdentifier>
    </Filter>
    <Filter Include="Header Files\Object\BackgroundObject">
      <UniqueIdentifier>{fb101536-0c54-4cdd-879f-0eaa9098054d}</UniqueIdentifier>
    </Filter>
    <Filter Include="Source Files\Object\BackgroundObject">
      <UniqueIdentifier>{039b4af8-0bb5-48b4-bfbc-0e1acc992b0a}</UniqueIdentifier>
    </Filter>
  </ItemGroup>
  <ItemGroup>
    <ClCompile Include="main.cpp">
      <Filter>Source Files</Filter>
    </ClCompile>
    <ClCompile Include="Animation.cpp">
      <Filter>Source Files\System</Filter>
    </ClCompile>
    <ClCompile Include="Animations.cpp">
      <Filter>Source Files\System</Filter>
    </ClCompile>
    <ClCompile Include="Collision.cpp">
      <Filter>Source Files\System</Filter>
    </ClCompile>
    <ClCompile Include="GameObject.cpp">
      <Filter>Source Files\System</Filter>
    </ClCompile>
    <ClCompile Include="Intro.cpp">
      <Filter>Source Files\System</Filter>
    </ClCompile>
    <ClCompile Include="debug.cpp">
      <Filter>Source Files\System</Filter>
    </ClCompile>
    <ClCompile Include="Game.cpp">
      <Filter>Source Files\System</Filter>
    </ClCompile>
    <ClCompile Include="Intro_Stage.cpp">
      <Filter>Source Files\Object\IntroObject</Filter>
    </ClCompile>
    <ClCompile Include="Intro_BrownCurtain.cpp">
      <Filter>Source Files\Object\IntroObject</Filter>
    </ClCompile>
    <ClCompile Include="PlayScene.cpp">
      <Filter>Source Files\System</Filter>
    </ClCompile>
    <ClCompile Include="Logo.cpp">
      <Filter>Source Files\Object\IntroObject</Filter>
    </ClCompile>
    <ClCompile Include="Sprite.cpp">
      <Filter>Source Files\System</Filter>
    </ClCompile>
    <ClCompile Include="Sprites.cpp">
      <Filter>Source Files\System</Filter>
    </ClCompile>
    <ClCompile Include="Utils.cpp">
      <Filter>Source Files\System</Filter>
    </ClCompile>
    <ClCompile Include="Textures.cpp">
      <Filter>Source Files\System</Filter>
    </ClCompile>
    <ClCompile Include="Goomba.cpp">
      <Filter>Source Files\Object\Enemy</Filter>
    </ClCompile>
    <ClCompile Include="Coin.cpp">
      <Filter>Source Files\Object\Item</Filter>
    </ClCompile>
    <ClCompile Include="Mushroom.cpp">
      <Filter>Source Files\Object\Item</Filter>
    </ClCompile>
    <ClCompile Include="Leaf.cpp">
      <Filter>Source Files\Object\Item</Filter>
    </ClCompile>
    <ClCompile Include="Luigi.cpp">
      <Filter>Source Files\Object\Player</Filter>
    </ClCompile>
    <ClCompile Include="Brick.cpp">
      <Filter>Source Files\Object\WorldBlock</Filter>
    </ClCompile>
    <ClCompile Include="Platform.cpp">
      <Filter>Source Files\Object\WorldBlock</Filter>
    </ClCompile>
    <ClCompile Include="Portal.cpp">
      <Filter>Source Files\Object\WorldBlock</Filter>
    </ClCompile>
    <ClCompile Include="Mario.cpp">
      <Filter>Source Files\Object\Player</Filter>
    </ClCompile>
    <ClCompile Include="Koopas.cpp">
      <Filter>Source Files\Object\Enemy</Filter>
    </ClCompile>
    <ClCompile Include="QuestionBlock.cpp">
      <Filter>Source Files\Object\WorldBlock</Filter>
    </ClCompile>
    <ClCompile Include="KeyEventHandlerForMario.cpp">
      <Filter>Source Files\Object\Player</Filter>
    </ClCompile>
    <ClCompile Include="KeyHandlerForLuigi.cpp">
      <Filter>Source Files\Object\Player</Filter>
    </ClCompile>
    <ClCompile Include="Bush.cpp">
      <Filter>Source Files\Object\BackgroundObject</Filter>
    </ClCompile>
    <ClCompile Include="SpawnPoint.cpp">
      <Filter>Source Files\Object\BackgroundObject</Filter>
    </ClCompile>
    <ClCompile Include="Intro_Cloud.cpp">
      <Filter>Source Files\Object\IntroObject</Filter>
    </ClCompile>
    <ClCompile Include="Cloud.cpp">
      <Filter>Source Files\Object\BackgroundObject</Filter>
    </ClCompile>
    <ClCompile Include="GreenKoopas.cpp">
      <Filter>Source Files\Object\Enemy</Filter>
    </ClCompile>
  </ItemGroup>
  <ItemGroup>
    <None Include="packages.config" />
  </ItemGroup>
  <ItemGroup>
    <ClInclude Include="Intro_BrownCurtain.h">
      <Filter>Header Files\Object\IntroObject</Filter>
    </ClInclude>
    <ClInclude Include="Intro_Stage.h">
      <Filter>Header Files\Object\IntroObject</Filter>
    </ClInclude>
    <ClInclude Include="Logo.h">
      <Filter>Header Files\Object\IntroObject</Filter>
    </ClInclude>
    <ClInclude Include="Goomba.h">
      <Filter>Header Files\Object\Enemy</Filter>
    </ClInclude>
    <ClInclude Include="Animation.h">
      <Filter>Header Files\System</Filter>
    </ClInclude>
    <ClInclude Include="AnimationFrame.h">
      <Filter>Header Files\System</Filter>
    </ClInclude>
    <ClInclude Include="Animations.h">
      <Filter>Header Files\System</Filter>
    </ClInclude>
    <ClInclude Include="AssetIDs.h">
      <Filter>Header Files\System</Filter>
    </ClInclude>
    <ClInclude Include="Collision.h">
      <Filter>Header Files\System</Filter>
    </ClInclude>
    <ClInclude Include="debug.h">
      <Filter>Header Files\System</Filter>
    </ClInclude>
    <ClInclude Include="Intro.h">
      <Filter>Header Files\System</Filter>
    </ClInclude>
    <ClInclude Include="GameObject.h">
      <Filter>Header Files\System</Filter>
    </ClInclude>
    <ClInclude Include="PlayScene.h">
      <Filter>Header Files\System</Filter>
    </ClInclude>
    <ClInclude Include="KeyEventHandler.h">
      <Filter>Header Files\System</Filter>
    </ClInclude>
    <ClInclude Include="Game.h">
      <Filter>Header Files\System</Filter>
    </ClInclude>
    <ClInclude Include="Scene.h">
      <Filter>Header Files\System</Filter>
    </ClInclude>
    <ClInclude Include="Sprite.h">
      <Filter>Header Files\System</Filter>
    </ClInclude>
    <ClInclude Include="Sprites.h">
      <Filter>Header Files\System</Filter>
    </ClInclude>
    <ClInclude Include="Texture.h">
      <Filter>Header Files\System</Filter>
    </ClInclude>
    <ClInclude Include="Textures.h">
      <Filter>Header Files\System</Filter>
    </ClInclude>
    <ClInclude Include="Utils.h">
      <Filter>Header Files\System</Filter>
    </ClInclude>
    <ClInclude Include="Mario.h">
      <Filter>Header Files\Object\Player</Filter>
    </ClInclude>
    <ClInclude Include="Luigi.h">
      <Filter>Header Files\Object\Player</Filter>
    </ClInclude>
    <ClInclude Include="Coin.h">
      <Filter>Header Files\Object\Item</Filter>
    </ClInclude>
    <ClInclude Include="Leaf.h">
      <Filter>Header Files\Object\Item</Filter>
    </ClInclude>
    <ClInclude Include="Mushroom.h">
      <Filter>Header Files\Object\Item</Filter>
    </ClInclude>
    <ClInclude Include="Platform.h">
      <Filter>Header Files\Object\WorldBlock</Filter>
    </ClInclude>
    <ClInclude Include="Brick.h">
      <Filter>Header Files\Object\WorldBlock</Filter>
    </ClInclude>
    <ClInclude Include="Portal.h">
      <Filter>Header Files\Object\WorldBlock</Filter>
    </ClInclude>
    <ClInclude Include="KeyHandlerForLuigi.h">
      <Filter>Header Files\Object\Player</Filter>
    </ClInclude>
    <ClInclude Include="KeyEventHandlerForMario.h">
      <Filter>Header Files\Object\Player</Filter>
    </ClInclude>
    <ClInclude Include="Koopas.h">
      <Filter>Header Files\Object\Enemy</Filter>
    </ClInclude>
    <ClInclude Include="QuestionBlock.h">
      <Filter>Header Files\Object\WorldBlock</Filter>
    </ClInclude>
    <ClInclude Include="Bush.h">
      <Filter>Header Files\Object\BackgroundObject</Filter>
    </ClInclude>
    <ClInclude Include="SpawnPoint.h">
      <Filter>Header Files\Object\BackgroundObject</Filter>
    </ClInclude>
    <ClInclude Include="Intro_Cloud.h">
      <Filter>Header Files\Object\IntroObject</Filter>
    </ClInclude>
    <ClInclude Include="Cloud.h">
      <Filter>Header Files\Object\BackgroundObject</Filter>
    </ClInclude>
    <ClInclude Include="GreenKoopas.h">
      <Filter>Header Files\Object\Enemy</Filter>
    </ClInclude>
  </ItemGroup>
</Project>